
Microsoft Visual Studio Solution File, Format Version 12.00
# Visual Studio Version 16
VisualStudioVersion = 16.0.30104.148
MinimumVisualStudioVersion = 10.0.40219.1
Project("{FAE04EC0-301F-11D3-BF4B-00C04F79EFBC}") = "MaybeMonad", "MaybeMonad\MaybeMonad.csproj", "{C963A0BD-B359-4F6C-94F8-3B1928DEE247}"
EndProject
Project("{FAE04EC0-301F-11D3-BF4B-00C04F79EFBC}") = "MaybeMonad.Test", "MaybeMonad.Test\MaybeMonad.Test.csproj", "{EA969C10-B9B4-4906-A8BB-0BFAA295D886}"
EndProject
Global
	GlobalSection(SolutionConfigurationPlatforms) = preSolution
		Debug|Any CPU = Debug|Any CPU
		Release|Any CPU = Release|Any CPU
	EndGlobalSection
	GlobalSection(ProjectConfigurationPlatforms) = postSolution
		{C963A0BD-B359-4F6C-94F8-3B1928DEE247}.Debug|Any CPU.ActiveCfg = Debug|Any CPU
		{C963A0BD-B359-4F6C-94F8-3B1928DEE247}.Debug|Any CPU.Build.0 = Debug|Any CPU
		{C963A0BD-B359-4F6C-94F8-3B1928DEE247}.Release|Any CPU.ActiveCfg = Release|Any CPU
		{C963A0BD-B359-4F6C-94F8-3B1928DEE247}.Release|Any CPU.Build.0 = Release|Any CPU
		{EA969C10-B9B4-4906-A8BB-0BFAA295D886}.Debug|Any CPU.ActiveCfg = Debug|Any CPU
		{EA969C10-B9B4-4906-A8BB-0BFAA295D886}.Debug|Any CPU.Build.0 = Debug|Any CPU
		{EA969C10-B9B4-4906-A8BB-0BFAA295D886}.Release|Any CPU.ActiveCfg = Release|Any CPU
		{EA969C10-B9B4-4906-A8BB-0BFAA295D886}.Release|Any CPU.Build.0 = Release|Any CPU
	EndGlobalSection
	GlobalSection(SolutionProperties) = preSolution
		HideSolutionNode = FALSE
	EndGlobalSection
	GlobalSection(ExtensibilityGlobals) = postSolution
		SolutionGuid = {5CE72BD6-C508-4381-B335-B4FAE3F12DE5}
	EndGlobalSection
EndGlobal
